
Microsoft Visual Studio Solution File, Format Version 12.00
# Visual Studio 15
VisualStudioVersion = 15.0.28307.136
MinimumVisualStudioVersion = 10.0.40219.1
Project("{FAE04EC0-301F-11D3-BF4B-00C04F79EFBC}") = "IT Adventure", "IT Adventure\IT Adventure.csproj", "{24D95797-CDB0-42CA-A918-9DFF13014CF2}"
EndProject
Project("{FAE04EC0-301F-11D3-BF4B-00C04F79EFBC}") = "Engine", "Engine\Engine.csproj", "{D3D50A18-D858-44E6-8255-DC29E9C7D7A5}"
EndProject
Global
	GlobalSection(SolutionConfigurationPlatforms) = preSolution
		Debug|Any CPU = Debug|Any CPU
		Release|Any CPU = Release|Any CPU
	EndGlobalSection
	GlobalSection(ProjectConfigurationPlatforms) = postSolution
		{24D95797-CDB0-42CA-A918-9DFF13014CF2}.Debug|Any CPU.ActiveCfg = Debug|Any CPU
		{24D95797-CDB0-42CA-A918-9DFF13014CF2}.Debug|Any CPU.Build.0 = Debug|Any CPU
		{24D95797-CDB0-42CA-A918-9DFF13014CF2}.Release|Any CPU.ActiveCfg = Release|Any CPU
		{24D95797-CDB0-42CA-A918-9DFF13014CF2}.Release|Any CPU.Build.0 = Release|Any CPU
		{D3D50A18-D858-44E6-8255-DC29E9C7D7A5}.Debug|Any CPU.ActiveCfg = Debug|Any CPU
		{D3D50A18-D858-44E6-8255-DC29E9C7D7A5}.Debug|Any CPU.Build.0 = Debug|Any CPU
		{D3D50A18-D858-44E6-8255-DC29E9C7D7A5}.Release|Any CPU.ActiveCfg = Release|Any CPU
		{D3D50A18-D858-44E6-8255-DC29E9C7D7A5}.Release|Any CPU.Build.0 = Release|Any CPU
	EndGlobalSection
	GlobalSection(SolutionProperties) = preSolution
		HideSolutionNode = FALSE
	EndGlobalSection
	GlobalSection(ExtensibilityGlobals) = postSolution
		SolutionGuid = {3AB021A5-DAB0-41C8-B123-57EE50AEE160}
	EndGlobalSection
EndGlobal
